{
  "name": "prometheus-example",
  "version": "0.32.0",
  "lockfileVersion": 2,
  "requires": true,
  "packages": {
    "": {
      "name": "prometheus-example",
      "version": "0.32.0",
      "license": "Apache-2.0",
      "dependencies": {
        "@opentelemetry/api": "^1.0.2",
        "@opentelemetry/exporter-prometheus": "0.32.0",
        "@opentelemetry/sdk-metrics": "0.32.0"
      }
    },
    "node_modules/@opentelemetry/api": {
      "version": "1.2.0",
      "resolved": "https://registry.npmjs.org/@opentelemetry/api/-/api-1.2.0.tgz",
      "integrity": "sha512-0nBr+VZNKm9tvNDZFstI3Pq1fCTEDK5OZTnVKNvBNAKgd0yIvmwsP4m61rEv7ZP+tOUjWJhROpxK5MsnlF911g==",
      "engines": {
        "node": ">=8.0.0"
      }
    },
    "node_modules/@opentelemetry/api-metrics": {
      "version": "0.32.0",
      "resolved": "https://registry.npmjs.org/@opentelemetry/api-metrics/-/api-metrics-0.32.0.tgz",
      "integrity": "sha512-g1WLhpG8B6iuDyZJFRGsR+JKyZ94m5LEmY2f+duEJ9Xb4XRlLHrZvh6G34OH6GJ8iDHxfHb/sWjJ1ZpkI9yGMQ==",
      "dependencies": {
        "@opentelemetry/api": "^1.0.0"
      },
      "engines": {
        "node": ">=14"
      }
    },
    "node_modules/@opentelemetry/core": {
      "version": "1.6.0",
      "resolved": "https://registry.npmjs.org/@opentelemetry/core/-/core-1.6.0.tgz",
      "integrity": "sha512-MsEhsyCTfYme6frK8/AqEWwbS9SB3Ta5bjgz4jPQJjL7ijUM3JiLVvqh/kHo1UlUjbUbLmGG7jA5Nw4d7SMcLQ==",
      "dependencies": {
        "@opentelemetry/semantic-conventions": "1.6.0"
      },
      "engines": {
        "node": ">=14"
      },
      "peerDependencies": {
        "@opentelemetry/api": ">=1.0.0 <1.3.0"
      }
    },
    "node_modules/@opentelemetry/exporter-prometheus": {
      "version": "0.32.0",
      "resolved": "https://registry.npmjs.org/@opentelemetry/exporter-prometheus/-/exporter-prometheus-0.32.0.tgz",
      "integrity": "sha512-hStiju3e+jjecS4nA6r4c+pX0MQiTm5J8vVMwxfEe98oYVks1xMut7NZqtUweFcQ0bcUnLQGJ/ROwAsU4OHDDw==",
      "dependencies": {
        "@opentelemetry/api-metrics": "0.32.0",
        "@opentelemetry/core": "1.6.0",
        "@opentelemetry/sdk-metrics": "0.32.0"
      },
      "engines": {
        "node": ">=14"
      },
      "peerDependencies": {
        "@opentelemetry/api": "^1.0.0"
      }
    },
    "node_modules/@opentelemetry/resources": {
      "version": "1.6.0",
      "resolved": "https://registry.npmjs.org/@opentelemetry/resources/-/resources-1.6.0.tgz",
      "integrity": "sha512-07GlHuq72r2rnJugYVdGumviQvfrl8kEPidkZSVoseLVfIjV7nzxxt5/vqs9pK7JItWOrvjRdr/jTBVayFBr/w==",
      "dependencies": {
        "@opentelemetry/core": "1.6.0",
        "@opentelemetry/semantic-conventions": "1.6.0"
      },
      "engines": {
        "node": ">=14"
      },
      "peerDependencies": {
        "@opentelemetry/api": ">=1.0.0 <1.3.0"
      }
    },
    "node_modules/@opentelemetry/sdk-metrics": {
      "version": "0.32.0",
      "resolved": "https://registry.npmjs.org/@opentelemetry/sdk-metrics/-/sdk-metrics-0.32.0.tgz",
      "integrity": "sha512-zC9RCOIsXRqOHWmWfcxArtDHbip2/jaIH1yu/OKau/shDZYFluAxY6zAEYIb4YEAzKKEF+fpaoRgpodDWNGVGA==",
      "dependencies": {
        "@opentelemetry/api-metrics": "0.32.0",
        "@opentelemetry/core": "1.6.0",
        "@opentelemetry/resources": "1.6.0",
        "lodash.merge": "4.6.2"
      },
      "engines": {
        "node": ">=14"
      },
      "peerDependencies": {
        "@opentelemetry/api": "^1.0.0"
      }
    },
    "node_modules/@opentelemetry/semantic-conventions": {
      "version": "1.6.0",
      "resolved": "https://registry.npmjs.org/@opentelemetry/semantic-conventions/-/semantic-conventions-1.6.0.tgz",
      "integrity": "sha512-aPfcBeLErM/PPiAuAbNFLN5sNbZLc3KZlar27uohllN8Zs6jJbHyJU1y7cMA6W/zuq+thkaG8mujiS+3iD/FWQ==",
      "engines": {
        "node": ">=14"
      }
    },
    "node_modules/lodash.merge": {
      "version": "4.6.2",
      "resolved": "https://registry.npmjs.org/lodash.merge/-/lodash.merge-4.6.2.tgz",
      "integrity": "sha512-0KpjqXRVvrYyCsX1swR/XTK0va6VQkQM6MNo7PqW77ByjAhoARA8EfrP1N4+KlKj8YS0ZUCtRT/YUuhyYDujIQ=="
    }
  },
  "dependencies": {
    "@opentelemetry/api": {
      "version": "1.2.0",
      "resolved": "https://registry.npmjs.org/@opentelemetry/api/-/api-1.2.0.tgz",
      "integrity": "sha512-0nBr+VZNKm9tvNDZFstI3Pq1fCTEDK5OZTnVKNvBNAKgd0yIvmwsP4m61rEv7ZP+tOUjWJhROpxK5MsnlF911g=="
    },
    "@opentelemetry/api-metrics": {
      "version": "0.32.0",
      "resolved": "https://registry.npmjs.org/@opentelemetry/api-metrics/-/api-metrics-0.32.0.tgz",
      "integrity": "sha512-g1WLhpG8B6iuDyZJFRGsR+JKyZ94m5LEmY2f+duEJ9Xb4XRlLHrZvh6G34OH6GJ8iDHxfHb/sWjJ1ZpkI9yGMQ==",
      "requires": {
        "@opentelemetry/api": "^1.0.0"
      }
    },
    "@opentelemetry/core": {
      "version": "1.6.0",
      "resolved": "https://registry.npmjs.org/@opentelemetry/core/-/core-1.6.0.tgz",
      "integrity": "sha512-MsEhsyCTfYme6frK8/AqEWwbS9SB3Ta5bjgz4jPQJjL7ijUM3JiLVvqh/kHo1UlUjbUbLmGG7jA5Nw4d7SMcLQ==",
      "requires": {
        "@opentelemetry/semantic-conventions": "1.6.0"
      }
    },
    "@opentelemetry/exporter-prometheus": {
      "version": "0.32.0",
      "resolved": "https://registry.npmjs.org/@opentelemetry/exporter-prometheus/-/exporter-prometheus-0.32.0.tgz",
      "integrity": "sha512-hStiju3e+jjecS4nA6r4c+pX0MQiTm5J8vVMwxfEe98oYVks1xMut7NZqtUweFcQ0bcUnLQGJ/ROwAsU4OHDDw==",
      "requires": {
        "@opentelemetry/api-metrics": "0.32.0",
        "@opentelemetry/core": "1.6.0",
        "@opentelemetry/sdk-metrics": "0.32.0"
      }
    },
    "@opentelemetry/resources": {
      "version": "1.6.0",
      "resolved": "https://registry.npmjs.org/@opentelemetry/resources/-/resources-1.6.0.tgz",
      "integrity": "sha512-07GlHuq72r2rnJugYVdGumviQvfrl8kEPidkZSVoseLVfIjV7nzxxt5/vqs9pK7JItWOrvjRdr/jTBVayFBr/w==",
      "requires": {
        "@opentelemetry/core": "1.6.0",
        "@opentelemetry/semantic-conventions": "1.6.0"
      }
    },
    "@opentelemetry/sdk-metrics": {
      "version": "0.32.0",
      "resolved": "https://registry.npmjs.org/@opentelemetry/sdk-metrics/-/sdk-metrics-0.32.0.tgz",
      "integrity": "sha512-zC9RCOIsXRqOHWmWfcxArtDHbip2/jaIH1yu/OKau/shDZYFluAxY6zAEYIb4YEAzKKEF+fpaoRgpodDWNGVGA==",
      "requires": {
        "@opentelemetry/api-metrics": "0.32.0",
        "@opentelemetry/core": "1.6.0",
        "@opentelemetry/resources": "1.6.0",
        "lodash.merge": "4.6.2"
      }
    },
    "@opentelemetry/semantic-conventions": {
      "version": "1.6.0",
      "resolved": "https://registry.npmjs.org/@opentelemetry/semantic-conventions/-/semantic-conventions-1.6.0.tgz",
      "integrity": "sha512-aPfcBeLErM/PPiAuAbNFLN5sNbZLc3KZlar27uohllN8Zs6jJbHyJU1y7cMA6W/zuq+thkaG8mujiS+3iD/FWQ=="
    },
    "lodash.merge": {
      "version": "4.6.2",
      "resolved": "https://registry.npmjs.org/lodash.merge/-/lodash.merge-4.6.2.tgz",
      "integrity": "sha512-0KpjqXRVvrYyCsX1swR/XTK0va6VQkQM6MNo7PqW77ByjAhoARA8EfrP1N4+KlKj8YS0ZUCtRT/YUuhyYDujIQ=="
    }
  }
}
